
Microsoft Visual Studio Solution File, Format Version 12.00
# Visual Studio Version 16
VisualStudioVersion = 16.0.31410.357
MinimumVisualStudioVersion = 10.0.40219.1
Project("{FAE04EC0-301F-11D3-BF4B-00C04F79EFBC}") = "Fitness", "Fitness\Fitness.csproj", "{D77E7827-AF76-46C2-BB88-77B7C45A853D}"
EndProject
Global
	GlobalSection(SolutionConfigurationPlatforms) = preSolution
		Debug|Any CPU = Debug|Any CPU
		Release|Any CPU = Release|Any CPU
	EndGlobalSection
	GlobalSection(ProjectConfigurationPlatforms) = postSolution
		{D77E7827-AF76-46C2-BB88-77B7C45A853D}.Debug|Any CPU.ActiveCfg = Debug|Any CPU
		{D77E7827-AF76-46C2-BB88-77B7C45A853D}.Debug|Any CPU.Build.0 = Debug|Any CPU
		{D77E7827-AF76-46C2-BB88-77B7C45A853D}.Release|Any CPU.ActiveCfg = Release|Any CPU
		{D77E7827-AF76-46C2-BB88-77B7C45A853D}.Release|Any CPU.Build.0 = Release|Any CPU
	EndGlobalSection
	GlobalSection(SolutionProperties) = preSolution
		HideSolutionNode = FALSE
	EndGlobalSection
	GlobalSection(ExtensibilityGlobals) = postSolution
		SolutionGuid = {A93D01DA-386B-45EB-892D-27D96870B24E}
	EndGlobalSection
EndGlobal
